Microsoft Visual Studio Solution File, Format Version 12.00
# Visual Studio Version 17
VisualStudioVersion = 17.5.2.0
MinimumVisualStudioVersion = 10.0.40219.1
Project("{FAE04EC0-301F-11D3-BF4B-00C04F79EFBC}") = "RAGIndexer", "RAGIndexer.csproj", "{B54C5683-374E-1709-DF1A-300E7D427E20}"
EndProject
Global
	GlobalSection(SolutionConfigurationPlatforms) = preSolution
		Debug|Any CPU = Debug|Any CPU
		Release|Any CPU = Release|Any CPU
	EndGlobalSection
	GlobalSection(ProjectConfigurationPlatforms) = postSolution
		{B54C5683-374E-1709-DF1A-300E7D427E20}.Debug|Any CPU.ActiveCfg = Debug|Any CPU
		{B54C5683-374E-1709-DF1A-300E7D427E20}.Debug|Any CPU.Build.0 = Debug|Any CPU
		{B54C5683-374E-1709-DF1A-300E7D427E20}.Release|Any CPU.ActiveCfg = Release|Any CPU
		{B54C5683-374E-1709-DF1A-300E7D427E20}.Release|Any CPU.Build.0 = Release|Any CPU
	EndGlobalSection
	GlobalSection(SolutionProperties) = preSolution
		HideSolutionNode = FALSE
	EndGlobalSection
	GlobalSection(ExtensibilityGlobals) = postSolution
		SolutionGuid = {E32ECFBA-D6A9-4E09-82C1-1CFB893E751E}
	EndGlobalSection
EndGlobal
